
Microsoft Visual Studio Solution File, Format Version 12.00
# Visual Studio Version 17
VisualStudioVersion = 17.9.34723.18
MinimumVisualStudioVersion = 10.0.40219.1
Project("{FAE04EC0-301F-11D3-BF4B-00C04F79EFBC}") = "faktory abstract", "faktory abstract\faktory abstract.csproj", "{566B7488-F827-4D6F-A187-8AE56230C3A6}"
EndProject
Global
	GlobalSection(SolutionConfigurationPlatforms) = preSolution
		Debug|Any CPU = Debug|Any CPU
		Release|Any CPU = Release|Any CPU
	EndGlobalSection
	GlobalSection(ProjectConfigurationPlatforms) = postSolution
		{566B7488-F827-4D6F-A187-8AE56230C3A6}.Debug|Any CPU.ActiveCfg = Debug|Any CPU
		{566B7488-F827-4D6F-A187-8AE56230C3A6}.Debug|Any CPU.Build.0 = Debug|Any CPU
		{566B7488-F827-4D6F-A187-8AE56230C3A6}.Release|Any CPU.ActiveCfg = Release|Any CPU
		{566B7488-F827-4D6F-A187-8AE56230C3A6}.Release|Any CPU.Build.0 = Release|Any CPU
	EndGlobalSection
	GlobalSection(SolutionProperties) = preSolution
		HideSolutionNode = FALSE
	EndGlobalSection
	GlobalSection(ExtensibilityGlobals) = postSolution
		SolutionGuid = {E98A535D-A34F-4A45-B6A3-295FC949A513}
	EndGlobalSection
EndGlobal
